Microsoft Visual Studio Solution File, Format Version 8.00
Project("{F184B08F-C81C-45F6-A57F-5ABD9991F28F}") = "SalesReceipt", "SalesReceipt.vbproj", "{4B126591-B697-436A-9286-7DE31AA0ECAF}"
	ProjectSection(ProjectDependencies) = postProject
	EndProjectSection
EndProject
Global
	GlobalSection(SolutionConfiguration) = preSolution
		Debug = Debug
		Release = Release
	EndGlobalSection
	GlobalSection(ProjectConfiguration) = postSolution
		{4B126591-B697-436A-9286-7DE31AA0ECAF}.Debug.ActiveCfg = Debug|.NET
		{4B126591-B697-436A-9286-7DE31AA0ECAF}.Debug.Build.0 = Debug|.NET
		{4B126591-B697-436A-9286-7DE31AA0ECAF}.Release.ActiveCfg = Release|.NET
		{4B126591-B697-436A-9286-7DE31AA0ECAF}.Release.Build.0 = Release|.NET
	EndGlobalSection
	GlobalSection(ExtensibilityGlobals) = postSolution
	EndGlobalSection
	GlobalSection(ExtensibilityAddIns) = postSolution
	EndGlobalSection
EndGlobal
